
Microsoft Visual Studio Solution File, Format Version 12.00
# Visual Studio Version 17
VisualStudioVersion = 17.4.33213.308
MinimumVisualStudioVersion = 10.0.40219.1
Project("{8BC9CEB8-8B4A-11D0-8D11-00A0C91BC942}") = "Poblem 44 Days Of The Week", "Poblem 44 Days Of The Week\Poblem 44 Days Of The Week.vcxproj", "{35350713-D2C9-429B-B5C2-D92CD9AD321A}"
EndProject
Global
	GlobalSection(SolutionConfigurationPlatforms) = preSolution
		Debug|x64 = Debug|x64
		Debug|x86 = Debug|x86
		Release|x64 = Release|x64
		Release|x86 = Release|x86
	EndGlobalSection
	GlobalSection(ProjectConfigurationPlatforms) = postSolution
		{35350713-D2C9-429B-B5C2-D92CD9AD321A}.Debug|x64.ActiveCfg = Debug|x64
		{35350713-D2C9-429B-B5C2-D92CD9AD321A}.Debug|x64.Build.0 = Debug|x64
		{35350713-D2C9-429B-B5C2-D92CD9AD321A}.Debug|x86.ActiveCfg = Debug|Win32
		{35350713-D2C9-429B-B5C2-D92CD9AD321A}.Debug|x86.Build.0 = Debug|Win32
		{35350713-D2C9-429B-B5C2-D92CD9AD321A}.Release|x64.ActiveCfg = Release|x64
		{35350713-D2C9-429B-B5C2-D92CD9AD321A}.Release|x64.Build.0 = Release|x64
		{35350713-D2C9-429B-B5C2-D92CD9AD321A}.Release|x86.ActiveCfg = Release|Win32
		{35350713-D2C9-429B-B5C2-D92CD9AD321A}.Release|x86.Build.0 = Release|Win32
	EndGlobalSection
	GlobalSection(SolutionProperties) = preSolution
		HideSolutionNode = FALSE
	EndGlobalSection
	GlobalSection(ExtensibilityGlobals) = postSolution
		SolutionGuid = {0C1EB7C4-DD36-4F94-944B-1D04A97A2F5A}
	EndGlobalSection
EndGlobal
