
Microsoft Visual Studio Solution File, Format Version 12.00
# Visual Studio Version 17
VisualStudioVersion = 17.4.33213.308
MinimumVisualStudioVersion = 10.0.40219.1
Project("{8BC9CEB8-8B4A-11D0-8D11-00A0C91BC942}") = "Problem 31 Power", "Problem 31 Power\Problem 31 Power.vcxproj", "{23389102-D3A8-48A6-851C-25A299B235E2}"
EndProject
Global
	GlobalSection(SolutionConfigurationPlatforms) = preSolution
		Debug|x64 = Debug|x64
		Debug|x86 = Debug|x86
		Release|x64 = Release|x64
		Release|x86 = Release|x86
	EndGlobalSection
	GlobalSection(ProjectConfigurationPlatforms) = postSolution
		{23389102-D3A8-48A6-851C-25A299B235E2}.Debug|x64.ActiveCfg = Debug|x64
		{23389102-D3A8-48A6-851C-25A299B235E2}.Debug|x64.Build.0 = Debug|x64
		{23389102-D3A8-48A6-851C-25A299B235E2}.Debug|x86.ActiveCfg = Debug|Win32
		{23389102-D3A8-48A6-851C-25A299B235E2}.Debug|x86.Build.0 = Debug|Win32
		{23389102-D3A8-48A6-851C-25A299B235E2}.Release|x64.ActiveCfg = Release|x64
		{23389102-D3A8-48A6-851C-25A299B235E2}.Release|x64.Build.0 = Release|x64
		{23389102-D3A8-48A6-851C-25A299B235E2}.Release|x86.ActiveCfg = Release|Win32
		{23389102-D3A8-48A6-851C-25A299B235E2}.Release|x86.Build.0 = Release|Win32
	EndGlobalSection
	GlobalSection(SolutionProperties) = preSolution
		HideSolutionNode = FALSE
	EndGlobalSection
	GlobalSection(ExtensibilityGlobals) = postSolution
		SolutionGuid = {51F5A501-651B-4956-AC8E-61FE5D034374}
	EndGlobalSection
EndGlobal
